// !$*UTF8*$!
{
	archiveVersion = 1;
	classes = {
	};
	objectVersion = 46;
	objects = {

/* Begin PBXBuildFile section */
		0A31FE241829CD8000CE3087 /* Foundation.framework in Frameworks */ = {isa = PBXBuildFile; fileRef = 0A31FE231829CD8000CE3087 /* Foundation.framework */; };
		0A31FE261829CD8000CE3087 /* CoreGraphics.framework in Frameworks */ = {isa = PBXBuildFile; fileRef = 0A31FE251829CD8000CE3087 /* CoreGraphics.framework */; };
		0A31FE281829CD8000CE3087 /* UIKit.framework in Frameworks */ = {isa = PBXBuildFile; fileRef = 0A31FE271829CD8000CE3087 /* UIKit.framework */; };
		0A31FE2E1829CD8000CE3087 /* InfoPlist.strings in Resources */ = {isa = PBXBuildFile; fileRef = 0A31FE2C1829CD8000CE3087 /* InfoPlist.strings */; };
		0A31FE301829CD8000CE3087 /* main.m in Sources */ = {isa = PBXBuildFile; fileRef = 0A31FE2F1829CD8000CE3087 /* main.m */; };
		0A31FE341829CD8000CE3087 /* AppDelegate.m in Sources */ = {isa = PBXBuildFile; fileRef = 0A31FE331829CD8000CE3087 /* AppDelegate.m */; };
		0A31FE361829CD8000CE3087 /* Images.xcassets in Resources */ = {isa = PBXBuildFile; fileRef = 0A31FE351829CD8000CE3087 /* Images.xcassets */; };
		0A31FE3D1829CD8000CE3087 /* XCTest.framework in Frameworks */ = {isa = PBXBuildFile; fileRef = 0A31FE3C1829CD8000CE3087 /* XCTest.framework */; };
		0A31FE3E1829CD8000CE3087 /* Foundation.framework in Frameworks */ = {isa = PBXBuildFile; fileRef = 0A31FE231829CD8000CE3087 /* Foundation.framework */; };
		0A31FE3F1829CD8000CE3087 /* UIKit.framework in Frameworks */ = {isa = PBXBuildFile; fileRef = 0A31FE271829CD8000CE3087 /* UIKit.framework */; };
		0A31FE471829CD8000CE3087 /* InfoPlist.strings in Resources */ = {isa = PBXBuildFile; fileRef = 0A31FE451829CD8000CE3087 /* InfoPlist.strings */; };
		0A31FE491829CD8000CE3087 /* ToDoListTests.m in Sources */ = {isa = PBXBuildFile; fileRef = 0A31FE481829CD8000CE3087 /* ToDoListTests.m */; };
		0A31FE531829DD9500CE3087 /* Main.storyboard in Resources */ = {isa = PBXBuildFile; fileRef = 0A31FE521829DD9500CE3087 /* Main.storyboard */; };
		0AC680A71831B10400FDD9CC /* XYZAddToDoItemViewController.m in Sources */ = {isa = PBXBuildFile; fileRef = 0AC680A61831B10400FDD9CC /* XYZAddToDoItemViewController.m */; };
		0AC680AA1831B20500FDD9CC /* XYZToDoListViewController.m in Sources */ = {isa = PBXBuildFile; fileRef = 0AC680A91831B20500FDD9CC /* XYZToDoListViewController.m */; };
/* End PBXBuildFile section */

/* Begin PBXContainerItemProxy section */
		0A31FE401829CD8000CE3087 /* PBXContainerItemProxy */ = {
			isa = PBXContainerItemProxy;
			containerPortal = 0A31FE181829CD8000CE3087 /* Project object */;
			proxyType = 1;
			remoteGlobalIDString = 0A31FE1F1829CD8000CE3087;
			remoteInfo = ToDoList;
		};
/* End PBXContainerItemProxy section */

/* Begin PBXFileReference section */
		0A31FE201829CD8000CE3087 /* ToDoList.app */ = {isa = PBXFileReference; explicitFileType = wrapper.application; includeInIndex = 0; path = ToDoList.app; sourceTree = BUILT_PRODUCTS_DIR; };
		0A31FE231829CD8000CE3087 /* Foundation.framework */ = {isa = PBXFileReference; lastKnownFileType = wrapper.framework; name = Foundation.framework; path = System/Library/Frameworks/Foundation.framework; sourceTree = SDKROOT; };
		0A31FE251829CD8000CE3087 /* CoreGraphics.framework */ = {isa = PBXFileReference; lastKnownFileType = wrapper.framework; name = CoreGraphics.framework; path = System/Library/Frameworks/CoreGraphics.framework; sourceTree = SDKROOT; };
		0A31FE271829CD8000CE3087 /* UIKit.framework */ = {isa = PBXFileReference; lastKnownFileType = wrapper.framework; name = UIKit.framework; path = System/Library/Frameworks/UIKit.framework; sourceTree = SDKROOT; };
		0A31FE2B1829CD8000CE3087 /* ToDoList-Info.plist */ = {isa = PBXFileReference; lastKnownFileType = text.plist.xml; path = "ToDoList-Info.plist"; sourceTree = "<group>"; };
		0A31FE2D1829CD8000CE3087 /* en */ = {isa = PBXFileReference; lastKnownFileType = text.plist.strings; name = en; path = en.lproj/InfoPlist.strings; sourceTree = "<group>"; };
		0A31FE2F1829CD8000CE3087 /* main.m */ = {isa = PBXFileReference; lastKnownFileType = sourcecode.c.objc; path = main.m; sourceTree = "<group>"; };
		0A31FE311829CD8000CE3087 /* ToDoList-Prefix.pch */ = {isa = PBXFileReference; lastKnownFileType = sourcecode.c.h; path = "ToDoList-Prefix.pch"; sourceTree = "<group>"; };
		0A31FE321829CD8000CE3087 /* AppDelegate.h */ = {isa = PBXFileReference; lastKnownFileType = sourcecode.c.h; path = AppDelegate.h; sourceTree = "<group>"; };
		0A31FE331829CD8000CE3087 /* AppDelegate.m */ = {isa = PBXFileReference; lastKnownFileType = sourcecode.c.objc; path = AppDelegate.m; sourceTree = "<group>"; };
		0A31FE351829CD8000CE3087 /* Images.xcassets */ = {isa = PBXFileReference; lastKnownFileType = folder.assetcatalog; path = Images.xcassets; sourceTree = "<group>"; };
		0A31FE3B1829CD8000CE3087 /* ToDoListTests.xctest */ = {isa = PBXFileReference; explicitFileType = wrapper.cfbundle; includeInIndex = 0; path = ToDoListTests.xctest; sourceTree = BUILT_PRODUCTS_DIR; };
		0A31FE3C1829CD8000CE3087 /* XCTest.framework */ = {isa = PBXFileReference; lastKnownFileType = wrapper.framework; name = XCTest.framework; path = Library/Frameworks/XCTest.framework; sourceTree = DEVELOPER_DIR; };
		0A31FE441829CD8000CE3087 /* ToDoListTests-Info.plist */ = {isa = PBXFileReference; lastKnownFileType = text.plist.xml; path = "ToDoListTests-Info.plist"; sourceTree = "<group>"; };
		0A31FE461829CD8000CE3087 /* en */ = {isa = PBXFileReference; lastKnownFileType = text.plist.strings; name = en; path = en.lproj/InfoPlist.strings; sourceTree = "<group>"; };
		0A31FE481829CD8000CE3087 /* ToDoListTests.m */ = {isa = PBXFileReference; lastKnownFileType = sourcecode.c.objc; path = ToDoListTests.m; sourceTree = "<group>"; };
		0A31FE521829DD9500CE3087 /* Main.storyboard */ = {isa = PBXFileReference; fileEncoding = 4; lastKnownFileType = file.storyboard; path = Main.storyboard; sourceTree = "<group>"; };
		0AC680A51831B10400FDD9CC /* XYZAddToDoItemViewController.h */ = {isa = PBXFileReference; fileEncoding = 4; lastKnownFileType = sourcecode.c.h; path = XYZAddToDoItemViewController.h; sourceTree = "<group>"; };
		0AC680A61831B10400FDD9CC /* XYZAddToDoItemViewController.m */ = {isa = PBXFileReference; fileEncoding = 4; lastKnownFileType = sourcecode.c.objc; path = XYZAddToDoItemViewController.m; sourceTree = "<group>"; };
		0AC680A81831B20500FDD9CC /* XYZToDoListViewController.h */ = {isa = PBXFileReference; fileEncoding = 4; lastKnownFileType = sourcecode.c.h; path = XYZToDoListViewController.h; sourceTree = "<group>"; };
		0AC680A91831B20500FDD9CC /* XYZToDoListViewController.m */ = {isa = PBXFileReference; fileEncoding = 4; lastKnownFileType = sourcecode.c.objc; path = XYZToDoListViewController.m; sourceTree = "<group>"; };
/* End PBXFileReference section */

/* Begin PBXFrameworksBuildPhase section */
		0A31FE1D1829CD8000CE3087 /* Frameworks */ = {
			isa = PBXFrameworksBuildPhase;
			buildActionMask = 2147483647;
			files = (
				0A31FE261829CD8000CE3087 /* CoreGraphics.framework in Frameworks */,
				0A31FE281829CD8000CE3087 /* UIKit.framework in Frameworks */,
				0A31FE241829CD8000CE3087 /* Foundation.framework in Frameworks */,
			);
			runOnlyForDeploymentPostprocessing = 0;
		};
		0A31FE381829CD8000CE3087 /* Frameworks */ = {
			isa = PBXFrameworksBuildPhase;
			buildActionMask = 2147483647;
			files = (
				0A31FE3D1829CD8000CE3087 /* XCTest.framework in Frameworks */,
				0A31FE3F1829CD8000CE3087 /* UIKit.framework in Frameworks */,
				0A31FE3E1829CD8000CE3087 /* Foundation.framework in Frameworks */,
			);
			runOnlyForDeploymentPostprocessing = 0;
		};
/* End PBXFrameworksBuildPhase section */

/* Begin PBXGroup section */
		0A31FE171829CD8000CE3087 = {
			isa = PBXGroup;
			children = (
				0A31FE291829CD8000CE3087 /* ToDoList */,
				0A31FE421829CD8000CE3087 /* ToDoListTests */,
				0A31FE221829CD8000CE3087 /* Frameworks */,
				0A31FE211829CD8000CE3087 /* Products */,
			);
			sourceTree = "<group>";
		};
		0A31FE211829CD8000CE3087 /* Products */ = {
			isa = PBXGroup;
			children = (
				0A31FE201829CD8000CE3087 /* ToDoList.app */,
				0A31FE3B1829CD8000CE3087 /* ToDoListTests.xctest */,
			);
			name = Products;
			sourceTree = "<group>";
		};
		0A31FE221829CD8000CE3087 /* Frameworks */ = {
			isa = PBXGroup;
			children = (
				0A31FE231829CD8000CE3087 /* Foundation.framework */,
				0A31FE251829CD8000CE3087 /* CoreGraphics.framework */,
				0A31FE271829CD8000CE3087 /* UIKit.framework */,
				0A31FE3C1829CD8000CE3087 /* XCTest.framework */,
			);
			name = Frameworks;
			sourceTree = "<group>";
		};
		0A31FE291829CD8000CE3087 /* ToDoList */ = {
			isa = PBXGroup;
			children = (
				0A31FE321829CD8000CE3087 /* AppDelegate.h */,
				0A31FE331829CD8000CE3087 /* AppDelegate.m */,
				0A31FE521829DD9500CE3087 /* Main.storyboard */,
				0AC680A81831B20500FDD9CC /* XYZToDoListViewController.h */,
				0AC680A91831B20500FDD9CC /* XYZToDoListViewController.m */,
				0AC680A51831B10400FDD9CC /* XYZAddToDoItemViewController.h */,
				0AC680A61831B10400FDD9CC /* XYZAddToDoItemViewController.m */,
				0A31FE351829CD8000CE3087 /* Images.xcassets */,
				0A31FE2A1829CD8000CE3087 /* Supporting Files */,
			);
			path = ToDoList;
			sourceTree = "<group>";
		};
		0A31FE2A1829CD8000CE3087 /* Supporting Files */ = {
			isa = PBXGroup;
			children = (
				0A31FE2B1829CD8000CE3087 /* ToDoList-Info.plist */,
				0A31FE2C1829CD8000CE3087 /* InfoPlist.strings */,
				0A31FE2F1829CD8000CE3087 /* main.m */,
				0A31FE311829CD8000CE3087 /* ToDoList-Prefix.pch */,
			);
			name = "Supporting Files";
			sourceTree = "<group>";
		};
		0A31FE421829CD8000CE3087 /* ToDoListTests */ = {
			isa = PBXGroup;
			children = (
				0A31FE481829CD8000CE3087 /* ToDoListTests.m */,
				0A31FE431829CD8000CE3087 /* Supporting Files */,
			);
			path = ToDoListTests;
			sourceTree = "<group>";
		};
		0A31FE431829CD8000CE3087 /* Supporting Files */ = {
			isa = PBXGroup;
			children = (
				0A31FE441829CD8000CE3087 /* ToDoListTests-Info.plist */,
				0A31FE451829CD8000CE3087 /* InfoPlist.strings */,
			);
			name = "Supporting Files";
			sourceTree = "<group>";
		};
/* End PBXGroup section */

/* Begin PBXNativeTarget section */
		0A31FE1F1829CD8000CE3087 /* ToDoList */ = {
			isa = PBXNativeTarget;
			buildConfigurationList = 0A31FE4C1829CD8000CE3087 /* Build configuration list for PBXNativeTarget "ToDoList" */;
			buildPhases = (
				0A31FE1C1829CD8000CE3087 /* Sources */,
				0A31FE1D1829CD8000CE3087 /* Frameworks */,
				0A31FE1E1829CD8000CE3087 /* Resources */,
			);
			buildRules = (
			);
			dependencies = (
			);
			name = ToDoList;
			productName = ToDoList;
			productReference = 0A31FE201829CD8000CE3087 /* ToDoList.app */;
			productType = "com.apple.product-type.application";
		};
		0A31FE3A1829CD8000CE3087 /* ToDoListTests */ = {
			isa = PBXNativeTarget;
			buildConfigurationList = 0A31FE4F1829CD8000CE3087 /* Build configuration list for PBXNativeTarget "ToDoListTests" */;
			buildPhases = (
				0A31FE371829CD8000CE3087 /* Sources */,
				0A31FE381829CD8000CE3087 /* Frameworks */,
				0A31FE391829CD8000CE3087 /* Resources */,
			);
			buildRules = (
			);
			dependencies = (
				0A31FE411829CD8000CE3087 /* PBXTargetDependency */,
			);
			name = ToDoListTests;
			productName = ToDoListTests;
			productReference = 0A31FE3B1829CD8000CE3087 /* ToDoListTests.xctest */;
			productType = "com.apple.product-type.bundle.unit-test";
		};
/* End PBXNativeTarget section */

/* Begin PBXProject section */
		0A31FE181829CD8000CE3087 /* Project object */ = {
			isa = PBXProject;
			attributes = {
				CLASSPREFIX = XYZ;
				LastUpgradeCheck = 0500;
				ORGANIZATIONNAME = Koalas;
				TargetAttributes = {
					0A31FE3A1829CD8000CE3087 = {
						TestTargetID = 0A31FE1F1829CD8000CE3087;
					};
				};
			};
			buildConfigurationList = 0A31FE1B1829CD8000CE3087 /* Build configuration list for PBXProject "ToDoList" */;
			compatibilityVersion = "Xcode 3.2";
			developmentRegion = English;
			hasScannedForEncodings = 0;
			knownRegions = (
				en,
			);
			mainGroup = 0A31FE171829CD8000CE3087;
			productRefGroup = 0A31FE211829CD8000CE3087 /* Products */;
			projectDirPath = "";
			projectRoot = "";
			targets = (
				0A31FE1F1829CD8000CE3087 /* ToDoList */,
				0A31FE3A1829CD8000CE3087 /* ToDoListTests */,
			);
		};
/* End PBXProject section */

/* Begin PBXResourcesBuildPhase section */
		0A31FE1E1829CD8000CE3087 /* Resources */ = {
			isa = PBXResourcesBuildPhase;
			buildActionMask = 2147483647;
			files = (
				0A31FE531829DD9500CE3087 /* Main.storyboard in Resources */,
				0A31FE2E1829CD8000CE3087 /* InfoPlist.strings in Resources */,
				0A31FE361829CD8000CE3087 /* Images.xcassets in Resources */,
			);
			runOnlyForDeploymentPostprocessing = 0;
		};
		0A31FE391829CD8000CE3087 /* Resources */ = {
			isa = PBXResourcesBuildPhase;
			buildActionMask = 2147483647;
			files = (
				0A31FE471829CD8000CE3087 /* InfoPlist.strings in Resources */,
			);
			runOnlyForDeploymentPostprocessing = 0;
		};
/* End PBXResourcesBuildPhase section */

/* Begin PBXSourcesBuildPhase section */
		0A31FE1C1829CD8000CE3087 /* Sources */ = {
			isa = PBXSourcesBuildPhase;
			buildActionMask = 2147483647;
			files = (
				0A31FE341829CD8000CE3087 /* AppDelegate.m in Sources */,
				0A31FE301829CD8000CE3087 /* main.m in Sources */,
				0AC680AA1831B20500FDD9CC /* XYZToDoListViewController.m in Sources */,
				0AC680A71831B10400FDD9CC /* XYZAddToDoItemViewController.m in Sources */,
			);
			runOnlyForDeploymentPostprocessing = 0;
		};
		0A31FE371829CD8000CE3087 /* Sources */ = {
			isa = PBXSourcesBuildPhase;
			buildActionMask = 2147483647;
			files = (
				0A31FE491829CD8000CE3087 /* ToDoListTests.m in Sources */,
			);
			runOnlyForDeploymentPostprocessing = 0;
		};
/* End PBXSourcesBuildPhase section */

/* Begin PBXTargetDependency section */
		0A31FE411829CD8000CE3087 /* PBXTargetDependency */ = {
			isa = PBXTargetDependency;
			target = 0A31FE1F1829CD8000CE3087 /* ToDoList */;
			targetProxy = 0A31FE401829CD8000CE3087 /* PBXContainerItemProxy */;
		};
/* End PBXTargetDependency section */

/* Begin PBXVariantGroup section */
		0A31FE2C1829CD8000CE3087 /* InfoPlist.strings */ = {
			isa = PBXVariantGroup;
			children = (
				0A31FE2D1829CD8000CE3087 /* en */,
			);
			name = InfoPlist.strings;
			sourceTree = "<group>";
		};
		0A31FE451829CD8000CE3087 /* InfoPlist.strings */ = {
			isa = PBXVariantGroup;
			children = (
				0A31FE461829CD8000CE3087 /* en */,
			);
			name = InfoPlist.strings;
			sourceTree = "<group>";
		};
/* End PBXVariantGroup section */

/* Begin XCBuildConfiguration section */
		0A31FE4A1829CD8000CE3087 /* Debug */ = {
			isa = XCBuildConfiguration;
			buildSettings = {
				ALWAYS_SEARCH_USER_PATHS = NO;
				ARCHS = "$(ARCHS_STANDARD_INCLUDING_64_BIT)";
				CLANG_CXX_LANGUAGE_STANDARD = "gnu++0x";
				CLANG_CXX_LIBRARY = "libc++";
				CLANG_ENABLE_MODULES = YES;
				CLANG_ENABLE_OBJC_ARC = YES;
				CLANG_WARN_BOOL_CONVERSION = YES;
				CLANG_WARN_CONSTANT_CONVERSION = YES;
				CLANG_WARN_DIRECT_OBJC_ISA_USAGE = YES_ERROR;
				CLANG_WARN_EMPTY_BODY = YES;
				CLANG_WARN_ENUM_CONVERSION = YES;
				CLANG_WARN_INT_CONVERSION = YES;
				CLANG_WARN_OBJC_ROOT_CLASS = YES_ERROR;
				CLANG_WARN__DUPLICATE_METHOD_MATCH = YES;
				"CODE_SIGN_IDENTITY[sdk=iphoneos*]" = "iPhone Developer";
				COPY_PHASE_STRIP = NO;
				GCC_C_LANGUAGE_STANDARD = gnu99;
				GCC_DYNAMIC_NO_PIC = NO;
				GCC_OPTIMIZATION_LEVEL = 0;
				GCC_PREPROCESSOR_DEFINITIONS = (
					"DEBUG=1",
					"$(inherited)",
				);
				GCC_SYMBOLS_PRIVATE_EXTERN = NO;
				GCC_WARN_64_TO_32_BIT_CONVERSION = YES;
				GCC_WARN_ABOUT_RETURN_TYPE = YES_ERROR;
				GCC_WARN_UNDECLARED_SELECTOR = YES;
				GCC_WARN_UNINITIALIZED_AUTOS = YES;
				GCC_WARN_UNUSED_FUNCTION = YES;
				GCC_WARN_UNUSED_VARIABLE = YES;
				IPHONEOS_DEPLOYMENT_TARGET = 7.0;
				ONLY_ACTIVE_ARCH = YES;
				SDKROOT = iphoneos;
			};
			name = Debug;
		};
		0A31FE4B1829CD8000CE3087 /* Release */ = {
			isa = XCBuildConfiguration;
			buildSettings = {
				ALWAYS_SEARCH_USER_PATHS = NO;
				ARCHS = "$(ARCHS_STANDARD_INCLUDING_64_BIT)";
				CLANG_CXX_LANGUAGE_STANDARD = "gnu++0x";
				CLANG_CXX_LIBRARY = "libc++";
				CLANG_ENABLE_MODULES = YES;
				CLANG_ENABLE_OBJC_ARC = YES;
				CLANG_WARN_BOOL_CONVERSION = YES;
				CLANG_WARN_CONSTANT_CONVERSION = YES;
				CLANG_WARN_DIRECT_OBJC_ISA_USAGE = YES_ERROR;
				CLANG_WARN_EMPTY_BODY = YES;
				CLANG_WARN_ENUM_CONVERSION = YES;
				CLANG_WARN_INT_CONVERSION = YES;
				CLANG_WARN_OBJC_ROOT_CLASS = YES_ERROR;
				CLANG_WARN__DUPLICATE_METHOD_MATCH = YES;
				"CODE_SIGN_IDENTITY[sdk=iphoneos*]" = "iPhone Developer";
				COPY_PHASE_STRIP = YES;
				ENABLE_NS_ASSERTIONS = NO;
				GCC_C_LANGUAGE_STANDARD = gnu99;
				GCC_WARN_64_TO_32_BIT_CONVERSION = YES;
				GCC_WARN_ABOUT_RETURN_TYPE = YES_ERROR;
				GCC_WARN_UNDECLARED_SELECTOR = YES;
				GCC_WARN_UNINITIALIZED_AUTOS = YES;
				GCC_WARN_UNUSED_FUNCTION = YES;
				GCC_WARN_UNUSED_VARIABLE = YES;
				IPHONEOS_DEPLOYMENT_TARGET = 7.0;
				SDKROOT = iphoneos;
				VALIDATE_PRODUCT = YES;
			};
			name = Release;
		};
		0A31FE4D1829CD8000CE3087 /* Debug */ = {
			isa = XCBuildConfiguration;
			buildSettings = {
				ASSETCATALOG_COMPILER_APPICON_NAME = AppIcon;
				ASSETCATALOG_COMPILER_LAUNCHIMAGE_NAME = LaunchImage;
				GCC_PRECOMPILE_PREFIX_HEADER = YES;
				GCC_PREFIX_HEADER = "ToDoList/ToDoList-Prefix.pch";
				INFOPLIST_FILE = "ToDoList/ToDoList-Info.plist";
				PRODUCT_NAME = ToDoList;
				WRAPPER_EXTENSION = app;
			};
			name = Debug;
		};
		0A31FE4E1829CD8000CE3087 /* Release */ = {
			isa = XCBuildConfiguration;
			buildSettings = {
				ASSETCATALOG_COMPILER_APPICON_NAME = AppIcon;
				ASSETCATALOG_COMPILER_LAUNCHIMAGE_NAME = LaunchImage;
				GCC_PRECOMPILE_PREFIX_HEADER = YES;
				GCC_PREFIX_HEADER = "ToDoList/ToDoList-Prefix.pch";
				INFOPLIST_FILE = "ToDoList/ToDoList-Info.plist";
				PRODUCT_NAME = ToDoList;
				WRAPPER_EXTENSION = app;
			};
			name = Release;
		};
		0A31FE501829CD8000CE3087 /* Debug */ = {
			isa = XCBuildConfiguration;
			buildSettings = {
				ARCHS = "$(ARCHS_STANDARD_INCLUDING_64_BIT)";
				BUNDLE_LOADER = "$(BUILT_PRODUCTS_DIR)/ToDoList.app/ToDoList";
				FRAMEWORK_SEARCH_PATHS = (
					"$(SDKROOT)/Developer/Library/Frameworks",
					"$(inherited)",
					"$(DEVELOPER_FRAMEWORKS_DIR)",
				);
				GCC_PRECOMPILE_PREFIX_HEADER = YES;
				GCC_PREFIX_HEADER = "ToDoList/ToDoList-Prefix.pch";
				GCC_PREPROCESSOR_DEFINITIONS = (
					"DEBUG=1",
					"$(inherited)",
				);
				INFOPLIST_FILE = "ToDoListTests/ToDoListTests-Info.plist";
				PRODUCT_NAME = ToDoListTests;
				TEST_HOST = "$(BUNDLE_LOADER)";
				WRAPPER_EXTENSION = xctest;
			};
			name = Debug;
		};
		0A31FE511829CD8000CE3087 /* Release */ = {
			isa = XCBuildConfiguration;
			buildSettings = {
				ARCHS = "$(ARCHS_STANDARD_INCLUDING_64_BIT)";
				BUNDLE_LOADER = "$(BUILT_PRODUCTS_DIR)/ToDoList.app/ToDoList";
				FRAMEWORK_SEARCH_PATHS = (
					"$(SDKROOT)/Developer/Library/Frameworks",
					"$(inherited)",
					"$(DEVELOPER_FRAMEWORKS_DIR)",
				);
				GCC_PRECOMPILE_PREFIX_HEADER = YES;
				GCC_PREFIX_HEADER = "ToDoList/ToDoList-Prefix.pch";
				INFOPLIST_FILE = "ToDoListTests/ToDoListTests-Info.plist";
				PRODUCT_NAME = ToDoListTests;
				TEST_HOST = "$(BUNDLE_LOADER)";
				WRAPPER_EXTENSION = xctest;
			};
			name = Release;
		};
/* End XCBuildConfiguration section */

/* Begin XCConfigurationList section */
		0A31FE1B1829CD8000CE3087 /* Build configuration list for PBXProject "ToDoList" */ = {
			isa = XCConfigurationList;
			buildConfigurations = (
				0A31FE4A1829CD8000CE3087 /* Debug */,
				0A31FE4B1829CD8000CE3087 /* Release */,
			);
			defaultConfigurationIsVisible = 0;
			defaultConfigurationName = Release;
		};
		0A31FE4C1829CD8000CE3087 /* Build configuration list for PBXNativeTarget "ToDoList" */ = {
			isa = XCConfigurationList;
			buildConfigurations = (
				0A31FE4D1829CD8000CE3087 /* Debug */,
				0A31FE4E1829CD8000CE3087 /* Release */,
			);
			defaultConfigurationIsVisible = 0;
			defaultConfigurationName = Release;
		};
		0A31FE4F1829CD8000CE3087 /* Build configuration list for PBXNativeTarget "ToDoListTests" */ = {
			isa = XCConfigurationList;
			buildConfigurations = (
				0A31FE501829CD8000CE3087 /* Debug */,
				0A31FE511829CD8000CE3087 /* Release */,
			);
			defaultConfigurationIsVisible = 0;
			defaultConfigurationName = Release;
		};
/* End XCConfigurationList section */
	};
	rootObject = 0A31FE181829CD8000CE3087 /* Project object */;
}
